
Microsoft Visual Studio Solution File, Format Version 12.00
# Visual Studio Version 16
VisualStudioVersion = 16.0.29911.84
MinimumVisualStudioVersion = 10.0.40219.1
Project("{8BC9CEB8-8B4A-11D0-8D11-00A0C91BC942}") = "ConsoleApplication1", "ConsoleApplication1.vcxproj", "{63A07151-480E-45BC-9F35-E187B0FE3BAA}"
EndProject
Global
	GlobalSection(SolutionConfigurationPlatforms) = preSolution
		Debug|x64 = Debug|x64
		Debug|x86 = Debug|x86
		Release|x64 = Release|x64
		Release|x86 = Release|x86
	EndGlobalSection
	GlobalSection(ProjectConfigurationPlatforms) = postSolution
		{63A07151-480E-45BC-9F35-E187B0FE3BAA}.Debug|x64.ActiveCfg = Debug|x64
		{63A07151-480E-45BC-9F35-E187B0FE3BAA}.Debug|x64.Build.0 = Debug|x64
		{63A07151-480E-45BC-9F35-E187B0FE3BAA}.Debug|x86.ActiveCfg = Debug|Win32
		{63A07151-480E-45BC-9F35-E187B0FE3BAA}.Debug|x86.Build.0 = Debug|Win32
		{63A07151-480E-45BC-9F35-E187B0FE3BAA}.Release|x64.ActiveCfg = Release|x64
		{63A07151-480E-45BC-9F35-E187B0FE3BAA}.Release|x64.Build.0 = Release|x64
		{63A07151-480E-45BC-9F35-E187B0FE3BAA}.Release|x86.ActiveCfg = Release|Win32
		{63A07151-480E-45BC-9F35-E187B0FE3BAA}.Release|x86.Build.0 = Release|Win32
	EndGlobalSection
	GlobalSection(SolutionProperties) = preSolution
		HideSolutionNode = FALSE
	EndGlobalSection
	GlobalSection(ExtensibilityGlobals) = postSolution
		SolutionGuid = {F5219EE2-F0D1-4B70-A539-FF0755A8CDE4}
	EndGlobalSection
EndGlobal
